
Microsoft Visual Studio Solution File, Format Version 12.00
# Visual Studio Version 16
VisualStudioVersion = 16.0.31129.286
MinimumVisualStudioVersion = 10.0.40219.1
Project("{FAE04EC0-301F-11D3-BF4B-00C04F79EFBC}") = "Aries.OpenCV", "Aries.OpenCV\Aries.OpenCV.csproj", "{2E7767E8-C9EE-4A13-9F9C-4E76DDBCC935}"
EndProject
Project("{2150E333-8FDC-42A3-9474-1A3956D46DE8}") = "Doc", "Doc", "{5917E1D9-055A-4064-A7F0-296FC1C8D3C2}"
EndProject
Project("{FAE04EC0-301F-11D3-BF4B-00C04F79EFBC}") = "GraphX.WPF.Controls", "GraphX.Controls\GraphX.WPF.Controls.csproj", "{D2E33FEE-6689-4BB4-A95C-1B5C327A1E8F}"
EndProject
Project("{9A19103F-16F7-4668-BE54-9A1E7A4F7556}") = "GraphX.Standard.Common", "GraphX.Standard.Common\GraphX.Standard.Common.csproj", "{5E0E001B-A4D3-4F7C-937D-F8D388FC42F7}"
EndProject
Project("{9A19103F-16F7-4668-BE54-9A1E7A4F7556}") = "GraphX.Standard.Logic", "GraphX.Standard.Logic\GraphX.Standard.Logic.csproj", "{51282E4B-DCD1-4502-BD1E-BAC96A9CE956}"
EndProject
Project("{9A19103F-16F7-4668-BE54-9A1E7A4F7556}") = "OpenCvSharp", "OpenCvSharp\OpenCvSharp.csproj", "{C58FE5B3-A578-4003-A8AE-E094B494EFE7}"
EndProject
Project("{FAE04EC0-301F-11D3-BF4B-00C04F79EFBC}") = "AriesCV", "AriesCV\AriesCV.csproj", "{F1EFEDC5-B63A-4F8C-8665-285617219115}"
EndProject
Global
	GlobalSection(SolutionConfigurationPlatforms) = preSolution
		Debug|Any CPU = Debug|Any CPU
		Debug|x86 = Debug|x86
		Release|Any CPU = Release|Any CPU
		Release|x86 = Release|x86
		Release-JP|Any CPU = Release-JP|Any CPU
		Release-JP|x86 = Release-JP|x86
	EndGlobalSection
	GlobalSection(ProjectConfigurationPlatforms) = postSolution
		{2E7767E8-C9EE-4A13-9F9C-4E76DDBCC935}.Debug|Any CPU.ActiveCfg = Debug|Any CPU
		{2E7767E8-C9EE-4A13-9F9C-4E76DDBCC935}.Debug|Any CPU.Build.0 = Debug|Any CPU
		{2E7767E8-C9EE-4A13-9F9C-4E76DDBCC935}.Debug|x86.ActiveCfg = Debug|Any CPU
		{2E7767E8-C9EE-4A13-9F9C-4E76DDBCC935}.Debug|x86.Build.0 = Debug|Any CPU
		{2E7767E8-C9EE-4A13-9F9C-4E76DDBCC935}.Release|Any CPU.ActiveCfg = Release|Any CPU
		{2E7767E8-C9EE-4A13-9F9C-4E76DDBCC935}.Release|Any CPU.Build.0 = Release|Any CPU
		{2E7767E8-C9EE-4A13-9F9C-4E76DDBCC935}.Release|x86.ActiveCfg = Release|Any CPU
		{2E7767E8-C9EE-4A13-9F9C-4E76DDBCC935}.Release|x86.Build.0 = Release|Any CPU
		{2E7767E8-C9EE-4A13-9F9C-4E76DDBCC935}.Release-JP|Any CPU.ActiveCfg = Release|Any CPU
		{2E7767E8-C9EE-4A13-9F9C-4E76DDBCC935}.Release-JP|Any CPU.Build.0 = Release|Any CPU
		{2E7767E8-C9EE-4A13-9F9C-4E76DDBCC935}.Release-JP|x86.ActiveCfg = Release|Any CPU
		{2E7767E8-C9EE-4A13-9F9C-4E76DDBCC935}.Release-JP|x86.Build.0 = Release|Any CPU
		{D2E33FEE-6689-4BB4-A95C-1B5C327A1E8F}.Debug|Any CPU.ActiveCfg = Debug|Any CPU
		{D2E33FEE-6689-4BB4-A95C-1B5C327A1E8F}.Debug|Any CPU.Build.0 = Debug|Any CPU
		{D2E33FEE-6689-4BB4-A95C-1B5C327A1E8F}.Debug|x86.ActiveCfg = Debug|x86
		{D2E33FEE-6689-4BB4-A95C-1B5C327A1E8F}.Debug|x86.Build.0 = Debug|x86
		{D2E33FEE-6689-4BB4-A95C-1B5C327A1E8F}.Release|Any CPU.ActiveCfg = Release|Any CPU
		{D2E33FEE-6689-4BB4-A95C-1B5C327A1E8F}.Release|Any CPU.Build.0 = Release|Any CPU
		{D2E33FEE-6689-4BB4-A95C-1B5C327A1E8F}.Release|x86.ActiveCfg = Release|x86
		{D2E33FEE-6689-4BB4-A95C-1B5C327A1E8F}.Release|x86.Build.0 = Release|x86
		{D2E33FEE-6689-4BB4-A95C-1B5C327A1E8F}.Release-JP|Any CPU.ActiveCfg = Release|Any CPU
		{D2E33FEE-6689-4BB4-A95C-1B5C327A1E8F}.Release-JP|Any CPU.Build.0 = Release|Any CPU
		{D2E33FEE-6689-4BB4-A95C-1B5C327A1E8F}.Release-JP|x86.ActiveCfg = Release|x86
		{D2E33FEE-6689-4BB4-A95C-1B5C327A1E8F}.Release-JP|x86.Build.0 = Release|x86
		{5E0E001B-A4D3-4F7C-937D-F8D388FC42F7}.Debug|Any CPU.ActiveCfg = Debug|Any CPU
		{5E0E001B-A4D3-4F7C-937D-F8D388FC42F7}.Debug|Any CPU.Build.0 = Debug|Any CPU
		{5E0E001B-A4D3-4F7C-937D-F8D388FC42F7}.Debug|x86.ActiveCfg = Debug|Any CPU
		{5E0E001B-A4D3-4F7C-937D-F8D388FC42F7}.Debug|x86.Build.0 = Debug|Any CPU
		{5E0E001B-A4D3-4F7C-937D-F8D388FC42F7}.Release|Any CPU.ActiveCfg = Release|Any CPU
		{5E0E001B-A4D3-4F7C-937D-F8D388FC42F7}.Release|Any CPU.Build.0 = Release|Any CPU
		{5E0E001B-A4D3-4F7C-937D-F8D388FC42F7}.Release|x86.ActiveCfg = Release|Any CPU
		{5E0E001B-A4D3-4F7C-937D-F8D388FC42F7}.Release|x86.Build.0 = Release|Any CPU
		{5E0E001B-A4D3-4F7C-937D-F8D388FC42F7}.Release-JP|Any CPU.ActiveCfg = Release|Any CPU
		{5E0E001B-A4D3-4F7C-937D-F8D388FC42F7}.Release-JP|Any CPU.Build.0 = Release|Any CPU
		{5E0E001B-A4D3-4F7C-937D-F8D388FC42F7}.Release-JP|x86.ActiveCfg = Release|Any CPU
		{5E0E001B-A4D3-4F7C-937D-F8D388FC42F7}.Release-JP|x86.Build.0 = Release|Any CPU
		{51282E4B-DCD1-4502-BD1E-BAC96A9CE956}.Debug|Any CPU.ActiveCfg = Debug|Any CPU
		{51282E4B-DCD1-4502-BD1E-BAC96A9CE956}.Debug|Any CPU.Build.0 = Debug|Any CPU
		{51282E4B-DCD1-4502-BD1E-BAC96A9CE956}.Debug|x86.ActiveCfg = Debug|Any CPU
		{51282E4B-DCD1-4502-BD1E-BAC96A9CE956}.Debug|x86.Build.0 = Debug|Any CPU
		{51282E4B-DCD1-4502-BD1E-BAC96A9CE956}.Release|Any CPU.ActiveCfg = Release|Any CPU
		{51282E4B-DCD1-4502-BD1E-BAC96A9CE956}.Release|Any CPU.Build.0 = Release|Any CPU
		{51282E4B-DCD1-4502-BD1E-BAC96A9CE956}.Release|x86.ActiveCfg = Release|Any CPU
		{51282E4B-DCD1-4502-BD1E-BAC96A9CE956}.Release|x86.Build.0 = Release|Any CPU
		{51282E4B-DCD1-4502-BD1E-BAC96A9CE956}.Release-JP|Any CPU.ActiveCfg = Release|Any CPU
		{51282E4B-DCD1-4502-BD1E-BAC96A9CE956}.Release-JP|Any CPU.Build.0 = Release|Any CPU
		{51282E4B-DCD1-4502-BD1E-BAC96A9CE956}.Release-JP|x86.ActiveCfg = Release|Any CPU
		{51282E4B-DCD1-4502-BD1E-BAC96A9CE956}.Release-JP|x86.Build.0 = Release|Any CPU
		{C58FE5B3-A578-4003-A8AE-E094B494EFE7}.Debug|Any CPU.ActiveCfg = Debug|Any CPU
		{C58FE5B3-A578-4003-A8AE-E094B494EFE7}.Debug|Any CPU.Build.0 = Debug|Any CPU
		{C58FE5B3-A578-4003-A8AE-E094B494EFE7}.Debug|x86.ActiveCfg = Debug|Any CPU
		{C58FE5B3-A578-4003-A8AE-E094B494EFE7}.Debug|x86.Build.0 = Debug|Any CPU
		{C58FE5B3-A578-4003-A8AE-E094B494EFE7}.Release|Any CPU.ActiveCfg = Release|Any CPU
		{C58FE5B3-A578-4003-A8AE-E094B494EFE7}.Release|Any CPU.Build.0 = Release|Any CPU
		{C58FE5B3-A578-4003-A8AE-E094B494EFE7}.Release|x86.ActiveCfg = Release|Any CPU
		{C58FE5B3-A578-4003-A8AE-E094B494EFE7}.Release|x86.Build.0 = Release|Any CPU
		{C58FE5B3-A578-4003-A8AE-E094B494EFE7}.Release-JP|Any CPU.ActiveCfg = Release-JP|Any CPU
		{C58FE5B3-A578-4003-A8AE-E094B494EFE7}.Release-JP|Any CPU.Build.0 = Release-JP|Any CPU
		{C58FE5B3-A578-4003-A8AE-E094B494EFE7}.Release-JP|x86.ActiveCfg = Release-JP|Any CPU
		{C58FE5B3-A578-4003-A8AE-E094B494EFE7}.Release-JP|x86.Build.0 = Release-JP|Any CPU
		{F1EFEDC5-B63A-4F8C-8665-285617219115}.Debug|Any CPU.ActiveCfg = Debug|Any CPU
		{F1EFEDC5-B63A-4F8C-8665-285617219115}.Debug|Any CPU.Build.0 = Debug|Any CPU
		{F1EFEDC5-B63A-4F8C-8665-285617219115}.Debug|x86.ActiveCfg = Debug|Any CPU
		{F1EFEDC5-B63A-4F8C-8665-285617219115}.Debug|x86.Build.0 = Debug|Any CPU
		{F1EFEDC5-B63A-4F8C-8665-285617219115}.Release|Any CPU.ActiveCfg = Release|Any CPU
		{F1EFEDC5-B63A-4F8C-8665-285617219115}.Release|Any CPU.Build.0 = Release|Any CPU
		{F1EFEDC5-B63A-4F8C-8665-285617219115}.Release|x86.ActiveCfg = Release|Any CPU
		{F1EFEDC5-B63A-4F8C-8665-285617219115}.Release|x86.Build.0 = Release|Any CPU
		{F1EFEDC5-B63A-4F8C-8665-285617219115}.Release-JP|Any CPU.ActiveCfg = Release|Any CPU
		{F1EFEDC5-B63A-4F8C-8665-285617219115}.Release-JP|Any CPU.Build.0 = Release|Any CPU
		{F1EFEDC5-B63A-4F8C-8665-285617219115}.Release-JP|x86.ActiveCfg = Release|Any CPU
		{F1EFEDC5-B63A-4F8C-8665-285617219115}.Release-JP|x86.Build.0 = Release|Any CPU
	EndGlobalSection
	GlobalSection(SolutionProperties) = preSolution
		HideSolutionNode = FALSE
	EndGlobalSection
	GlobalSection(ExtensibilityGlobals) = postSolution
		SolutionGuid = {E608F718-7BF0-411F-B5AF-685BBC61D5DB}
	EndGlobalSection
EndGlobal
